
Microsoft Visual Studio Solution File, Format Version 12.00
# Visual Studio Version 16
VisualStudioVersion = 16.0.30320.27
MinimumVisualStudioVersion = 10.0.40219.1
Project("{FAE04EC0-301F-11D3-BF4B-00C04F79EFBC}") = "BudgetExecution", "BudgetExecution.csproj", "{951F3364-D9E4-4F11-9041-D45FFF98FDDE}"
EndProject
Global
	GlobalSection(SolutionConfigurationPlatforms) = preSolution
		Debug|Any CPU = Debug|Any CPU
		Release|Any CPU = Release|Any CPU
	EndGlobalSection
	GlobalSection(ProjectConfigurationPlatforms) = postSolution
		{951F3364-D9E4-4F11-9041-D45FFF98FDDE}.Debug|Any CPU.ActiveCfg = Debug|Any CPU
		{951F3364-D9E4-4F11-9041-D45FFF98FDDE}.Debug|Any CPU.Build.0 = Debug|Any CPU
		{951F3364-D9E4-4F11-9041-D45FFF98FDDE}.Release|Any CPU.ActiveCfg = Release|Any CPU
		{951F3364-D9E4-4F11-9041-D45FFF98FDDE}.Release|Any CPU.Build.0 = Release|Any CPU
	EndGlobalSection
	GlobalSection(SolutionProperties) = preSolution
		HideSolutionNode = FALSE
	EndGlobalSection
	GlobalSection(ExtensibilityGlobals) = postSolution
		SolutionGuid = {DA83CCB1-D168-48B5-B314-C73DFC056BC1}
	EndGlobalSection
EndGlobal
